
Microsoft Visual Studio Solution File, Format Version 12.00
# Visual Studio Version 17
VisualStudioVersion = 17.3.32825.248
MinimumVisualStudioVersion = 10.0.40219.1
Project("{FAE04EC0-301F-11D3-BF4B-00C04F79EFBC}") = "SQPhoto", "SQPhoto\SQPhoto.csproj", "{F69350A6-0AA2-45FE-BDC6-84143F2F77F0}"
EndProject
Project("{FAE04EC0-301F-11D3-BF4B-00C04F79EFBC}") = "TestSQPhoto", "TestSQPhoto\TestSQPhoto.csproj", "{DD61229B-004F-49CD-8FA9-6500B49C1599}"
EndProject
Global
	GlobalSection(SolutionConfigurationPlatforms) = preSolution
		Debug|Any CPU = Debug|Any CPU
		Release|Any CPU = Release|Any CPU
	EndGlobalSection
	GlobalSection(ProjectConfigurationPlatforms) = postSolution
		{F69350A6-0AA2-45FE-BDC6-84143F2F77F0}.Debug|Any CPU.ActiveCfg = Debug|Any CPU
		{F69350A6-0AA2-45FE-BDC6-84143F2F77F0}.Debug|Any CPU.Build.0 = Debug|Any CPU
		{F69350A6-0AA2-45FE-BDC6-84143F2F77F0}.Release|Any CPU.ActiveCfg = Release|Any CPU
		{F69350A6-0AA2-45FE-BDC6-84143F2F77F0}.Release|Any CPU.Build.0 = Release|Any CPU
		{DD61229B-004F-49CD-8FA9-6500B49C1599}.Debug|Any CPU.ActiveCfg = Debug|Any CPU
		{DD61229B-004F-49CD-8FA9-6500B49C1599}.Debug|Any CPU.Build.0 = Debug|Any CPU
		{DD61229B-004F-49CD-8FA9-6500B49C1599}.Release|Any CPU.ActiveCfg = Release|Any CPU
		{DD61229B-004F-49CD-8FA9-6500B49C1599}.Release|Any CPU.Build.0 = Release|Any CPU
	EndGlobalSection
	GlobalSection(SolutionProperties) = preSolution
		HideSolutionNode = FALSE
	EndGlobalSection
	GlobalSection(ExtensibilityGlobals) = postSolution
		SolutionGuid = {4E7255A0-A2C1-4003-8E24-1901F62DAF69}
	EndGlobalSection
EndGlobal
